
Microsoft Visual Studio Solution File, Format Version 10.00
# Visual Studio 2008
Project("{2150E333-8FDC-42A3-9474-1A3956D46DE8}") = "CXImage", "CXImage", "{08A81676-EAAD-4A2C-B9BB-27687C5FDDB2}"
EndProject
Project("{8BC9CEB8-8B4A-11D0-8D11-00A0C91BC942}") = "ScreenServer", "ScreenServer\ScreenServer.vcproj", "{82E2B5C8-E5AB-4DD7-93F5-DB26104AE714}"
	ProjectSection(ProjectDependencies) = postProject
		{1B034A8D-C094-4CBD-A19E-FCA8F9DD2372} = {1B034A8D-C094-4CBD-A19E-FCA8F9DD2372}
	EndProjectSection
EndProject
Project("{8BC9CEB8-8B4A-11D0-8D11-00A0C91BC942}") = "CxImage", "ScreenServer\cxImage\CxImage\cximage.vcproj", "{1B034A8D-C094-4CBD-A19E-FCA8F9DD2372}"
	ProjectSection(ProjectDependencies) = postProject
		{1A2486C4-31ED-414E-9164-7018B9314281} = {1A2486C4-31ED-414E-9164-7018B9314281}
		{F31F70AF-70D2-4377-B3D0-35B19E443290} = {F31F70AF-70D2-4377-B3D0-35B19E443290}
		{8C727693-18DB-4DE8-B443-C4D287F8C326} = {8C727693-18DB-4DE8-B443-C4D287F8C326}
		{0C55908F-76C7-4B90-96BF-A3BE320A3833} = {0C55908F-76C7-4B90-96BF-A3BE320A3833}
		{35B6A48A-AEB5-4712-8C45-C94C48B6C632} = {35B6A48A-AEB5-4712-8C45-C94C48B6C632}
		{D316497A-5753-4BC2-BFB9-24E097BF827F} = {D316497A-5753-4BC2-BFB9-24E097BF827F}
		{9003B14E-22B0-437C-ABE3-940CF6E4931E} = {9003B14E-22B0-437C-ABE3-940CF6E4931E}
	EndProjectSection
EndProject
Project("{8BC9CEB8-8B4A-11D0-8D11-00A0C91BC942}") = "j2k", "ScreenServer\cxImage\j2k\j2k.vcproj", "{D316497A-5753-4BC2-BFB9-24E097BF827F}"
EndProject
Project("{8BC9CEB8-8B4A-11D0-8D11-00A0C91BC942}") = "jasper", "ScreenServer\cxImage\jasper\jasper.vcproj", "{1A2486C4-31ED-414E-9164-7018B9314281}"
EndProject
Project("{8BC9CEB8-8B4A-11D0-8D11-00A0C91BC942}") = "jbig", "ScreenServer\cxImage\jbig\jbig.vcproj", "{F31F70AF-70D2-4377-B3D0-35B19E443290}"
EndProject
Project("{8BC9CEB8-8B4A-11D0-8D11-00A0C91BC942}") = "jpeg", "ScreenServer\cxImage\jpeg\Jpeg.vcproj", "{0C55908F-76C7-4B90-96BF-A3BE320A3833}"
EndProject
Project("{8BC9CEB8-8B4A-11D0-8D11-00A0C91BC942}") = "png", "ScreenServer\cxImage\png\png.vcproj", "{35B6A48A-AEB5-4712-8C45-C94C48B6C632}"
EndProject
Project("{8BC9CEB8-8B4A-11D0-8D11-00A0C91BC942}") = "tiff", "ScreenServer\cxImage\tiff\Tiff.vcproj", "{9003B14E-22B0-437C-ABE3-940CF6E4931E}"
EndProject
Project("{8BC9CEB8-8B4A-11D0-8D11-00A0C91BC942}") = "zlib", "ScreenServer\cxImage\zlib\zlib.vcproj", "{8C727693-18DB-4DE8-B443-C4D287F8C326}"
EndProject
Global
	GlobalSection(SolutionConfigurationPlatforms) = preSolution
		Debug|Win32 = Debug|Win32
		Release|Win32 = Release|Win32
	EndGlobalSection
	GlobalSection(ProjectConfigurationPlatforms) = postSolution
		{82E2B5C8-E5AB-4DD7-93F5-DB26104AE714}.Debug|Win32.ActiveCfg = Debug|Win32
		{82E2B5C8-E5AB-4DD7-93F5-DB26104AE714}.Debug|Win32.Build.0 = Debug|Win32
		{82E2B5C8-E5AB-4DD7-93F5-DB26104AE714}.Release|Win32.ActiveCfg = Release|Win32
		{82E2B5C8-E5AB-4DD7-93F5-DB26104AE714}.Release|Win32.Build.0 = Release|Win32
		{1B034A8D-C094-4CBD-A19E-FCA8F9DD2372}.Debug|Win32.ActiveCfg = Debug|Win32
		{1B034A8D-C094-4CBD-A19E-FCA8F9DD2372}.Debug|Win32.Build.0 = Debug|Win32
		{1B034A8D-C094-4CBD-A19E-FCA8F9DD2372}.Release|Win32.ActiveCfg = Release|Win32
		{1B034A8D-C094-4CBD-A19E-FCA8F9DD2372}.Release|Win32.Build.0 = Release|Win32
		{D316497A-5753-4BC2-BFB9-24E097BF827F}.Debug|Win32.ActiveCfg = Debug|Win32
		{D316497A-5753-4BC2-BFB9-24E097BF827F}.Debug|Win32.Build.0 = Debug|Win32
		{D316497A-5753-4BC2-BFB9-24E097BF827F}.Release|Win32.ActiveCfg = Release|Win32
		{D316497A-5753-4BC2-BFB9-24E097BF827F}.Release|Win32.Build.0 = Release|Win32
		{1A2486C4-31ED-414E-9164-7018B9314281}.Debug|Win32.ActiveCfg = Debug|Win32
		{1A2486C4-31ED-414E-9164-7018B9314281}.Debug|Win32.Build.0 = Debug|Win32
		{1A2486C4-31ED-414E-9164-7018B9314281}.Release|Win32.ActiveCfg = Release|Win32
		{1A2486C4-31ED-414E-9164-7018B9314281}.Release|Win32.Build.0 = Release|Win32
		{F31F70AF-70D2-4377-B3D0-35B19E443290}.Debug|Win32.ActiveCfg = Debug|Win32
		{F31F70AF-70D2-4377-B3D0-35B19E443290}.Debug|Win32.Build.0 = Debug|Win32
		{F31F70AF-70D2-4377-B3D0-35B19E443290}.Release|Win32.ActiveCfg = Release|Win32
		{F31F70AF-70D2-4377-B3D0-35B19E443290}.Release|Win32.Build.0 = Release|Win32
		{0C55908F-76C7-4B90-96BF-A3BE320A3833}.Debug|Win32.ActiveCfg = Debug|Win32
		{0C55908F-76C7-4B90-96BF-A3BE320A3833}.Debug|Win32.Build.0 = Debug|Win32
		{0C55908F-76C7-4B90-96BF-A3BE320A3833}.Release|Win32.ActiveCfg = Release|Win32
		{0C55908F-76C7-4B90-96BF-A3BE320A3833}.Release|Win32.Build.0 = Release|Win32
		{35B6A48A-AEB5-4712-8C45-C94C48B6C632}.Debug|Win32.ActiveCfg = Debug|Win32
		{35B6A48A-AEB5-4712-8C45-C94C48B6C632}.Debug|Win32.Build.0 = Debug|Win32
		{35B6A48A-AEB5-4712-8C45-C94C48B6C632}.Release|Win32.ActiveCfg = Release|Win32
		{35B6A48A-AEB5-4712-8C45-C94C48B6C632}.Release|Win32.Build.0 = Release|Win32
		{9003B14E-22B0-437C-ABE3-940CF6E4931E}.Debug|Win32.ActiveCfg = Debug|Win32
		{9003B14E-22B0-437C-ABE3-940CF6E4931E}.Debug|Win32.Build.0 = Debug|Win32
		{9003B14E-22B0-437C-ABE3-940CF6E4931E}.Release|Win32.ActiveCfg = Release|Win32
		{9003B14E-22B0-437C-ABE3-940CF6E4931E}.Release|Win32.Build.0 = Release|Win32
		{8C727693-18DB-4DE8-B443-C4D287F8C326}.Debug|Win32.ActiveCfg = Debug|Win32
		{8C727693-18DB-4DE8-B443-C4D287F8C326}.Debug|Win32.Build.0 = Debug|Win32
		{8C727693-18DB-4DE8-B443-C4D287F8C326}.Release|Win32.ActiveCfg = Release|Win32
		{8C727693-18DB-4DE8-B443-C4D287F8C326}.Release|Win32.Build.0 = Release|Win32
	EndGlobalSection
	GlobalSection(SolutionProperties) = preSolution
		HideSolutionNode = FALSE
	EndGlobalSection
	GlobalSection(NestedProjects) = preSolution
		{1B034A8D-C094-4CBD-A19E-FCA8F9DD2372} = {08A81676-EAAD-4A2C-B9BB-27687C5FDDB2}
		{D316497A-5753-4BC2-BFB9-24E097BF827F} = {08A81676-EAAD-4A2C-B9BB-27687C5FDDB2}
		{1A2486C4-31ED-414E-9164-7018B9314281} = {08A81676-EAAD-4A2C-B9BB-27687C5FDDB2}
		{F31F70AF-70D2-4377-B3D0-35B19E443290} = {08A81676-EAAD-4A2C-B9BB-27687C5FDDB2}
		{0C55908F-76C7-4B90-96BF-A3BE320A3833} = {08A81676-EAAD-4A2C-B9BB-27687C5FDDB2}
		{35B6A48A-AEB5-4712-8C45-C94C48B6C632} = {08A81676-EAAD-4A2C-B9BB-27687C5FDDB2}
		{9003B14E-22B0-437C-ABE3-940CF6E4931E} = {08A81676-EAAD-4A2C-B9BB-27687C5FDDB2}
		{8C727693-18DB-4DE8-B443-C4D287F8C326} = {08A81676-EAAD-4A2C-B9BB-27687C5FDDB2}
	EndGlobalSection
EndGlobal
