
Microsoft Visual Studio Solution File, Format Version 10.00
# Visual Studio 2008
Project("{8BC9CEB8-8B4A-11D0-8D11-00A0C91BC942}") = "PultClient", "PultClient\PultClient.vcproj", "{816FDF1C-830A-4B99-8FE0-38695F2A0940}"
	ProjectSection(ProjectDependencies) = postProject
		{1B034A8D-C094-4CBD-A19E-FCA8F9DD2372} = {1B034A8D-C094-4CBD-A19E-FCA8F9DD2372}
	EndProjectSection
EndProject
Project("{2150E333-8FDC-42A3-9474-1A3956D46DE8}") = "CxImage", "CxImage", "{761A4FAC-879D-420B-A523-E87BBB54535D}"
EndProject
Project("{8BC9CEB8-8B4A-11D0-8D11-00A0C91BC942}") = "CxImage", "PultClient\cxImage\CxImage\cximage.vcproj", "{1B034A8D-C094-4CBD-A19E-FCA8F9DD2372}"
	ProjectSection(ProjectDependencies) = postProject
		{9003B14E-22B0-437C-ABE3-940CF6E4931E} = {9003B14E-22B0-437C-ABE3-940CF6E4931E}
		{D316497A-5753-4BC2-BFB9-24E097BF827F} = {D316497A-5753-4BC2-BFB9-24E097BF827F}
		{35B6A48A-AEB5-4712-8C45-C94C48B6C632} = {35B6A48A-AEB5-4712-8C45-C94C48B6C632}
		{0C55908F-76C7-4B90-96BF-A3BE320A3833} = {0C55908F-76C7-4B90-96BF-A3BE320A3833}
		{8C727693-18DB-4DE8-B443-C4D287F8C326} = {8C727693-18DB-4DE8-B443-C4D287F8C326}
		{F31F70AF-70D2-4377-B3D0-35B19E443290} = {F31F70AF-70D2-4377-B3D0-35B19E443290}
		{1A2486C4-31ED-414E-9164-7018B9314281} = {1A2486C4-31ED-414E-9164-7018B9314281}
	EndProjectSection
EndProject
Project("{8BC9CEB8-8B4A-11D0-8D11-00A0C91BC942}") = "j2k", "PultClient\cxImage\j2k\j2k.vcproj", "{D316497A-5753-4BC2-BFB9-24E097BF827F}"
EndProject
Project("{8BC9CEB8-8B4A-11D0-8D11-00A0C91BC942}") = "jasper", "PultClient\cxImage\jasper\jasper.vcproj", "{1A2486C4-31ED-414E-9164-7018B9314281}"
EndProject
Project("{8BC9CEB8-8B4A-11D0-8D11-00A0C91BC942}") = "jbig", "PultClient\cxImage\jbig\jbig.vcproj", "{F31F70AF-70D2-4377-B3D0-35B19E443290}"
EndProject
Project("{8BC9CEB8-8B4A-11D0-8D11-00A0C91BC942}") = "jpeg", "PultClient\cxImage\jpeg\Jpeg.vcproj", "{0C55908F-76C7-4B90-96BF-A3BE320A3833}"
EndProject
Project("{8BC9CEB8-8B4A-11D0-8D11-00A0C91BC942}") = "png", "PultClient\cxImage\png\png.vcproj", "{35B6A48A-AEB5-4712-8C45-C94C48B6C632}"
EndProject
Project("{8BC9CEB8-8B4A-11D0-8D11-00A0C91BC942}") = "tiff", "PultClient\cxImage\tiff\Tiff.vcproj", "{9003B14E-22B0-437C-ABE3-940CF6E4931E}"
EndProject
Project("{8BC9CEB8-8B4A-11D0-8D11-00A0C91BC942}") = "zlib", "PultClient\cxImage\zlib\zlib.vcproj", "{8C727693-18DB-4DE8-B443-C4D287F8C326}"
EndProject
Global
	GlobalSection(SolutionConfigurationPlatforms) = preSolution
		Debug|Win32 = Debug|Win32
		Release|Win32 = Release|Win32
	EndGlobalSection
	GlobalSection(ProjectConfigurationPlatforms) = postSolution
		{816FDF1C-830A-4B99-8FE0-38695F2A0940}.Debug|Win32.ActiveCfg = Debug|Win32
		{816FDF1C-830A-4B99-8FE0-38695F2A0940}.Debug|Win32.Build.0 = Debug|Win32
		{816FDF1C-830A-4B99-8FE0-38695F2A0940}.Release|Win32.ActiveCfg = Release|Win32
		{816FDF1C-830A-4B99-8FE0-38695F2A0940}.Release|Win32.Build.0 = Release|Win32
		{1B034A8D-C094-4CBD-A19E-FCA8F9DD2372}.Debug|Win32.ActiveCfg = Debug|Win32
		{1B034A8D-C094-4CBD-A19E-FCA8F9DD2372}.Debug|Win32.Build.0 = Debug|Win32
		{1B034A8D-C094-4CBD-A19E-FCA8F9DD2372}.Release|Win32.ActiveCfg = Release|Win32
		{1B034A8D-C094-4CBD-A19E-FCA8F9DD2372}.Release|Win32.Build.0 = Release|Win32
		{D316497A-5753-4BC2-BFB9-24E097BF827F}.Debug|Win32.ActiveCfg = Debug|Win32
		{D316497A-5753-4BC2-BFB9-24E097BF827F}.Debug|Win32.Build.0 = Debug|Win32
		{D316497A-5753-4BC2-BFB9-24E097BF827F}.Release|Win32.ActiveCfg = Release|Win32
		{D316497A-5753-4BC2-BFB9-24E097BF827F}.Release|Win32.Build.0 = Release|Win32
		{1A2486C4-31ED-414E-9164-7018B9314281}.Debug|Win32.ActiveCfg = Debug|Win32
		{1A2486C4-31ED-414E-9164-7018B9314281}.Debug|Win32.Build.0 = Debug|Win32
		{1A2486C4-31ED-414E-9164-7018B9314281}.Release|Win32.ActiveCfg = Release|Win32
		{1A2486C4-31ED-414E-9164-7018B9314281}.Release|Win32.Build.0 = Release|Win32
		{F31F70AF-70D2-4377-B3D0-35B19E443290}.Debug|Win32.ActiveCfg = Debug|Win32
		{F31F70AF-70D2-4377-B3D0-35B19E443290}.Debug|Win32.Build.0 = Debug|Win32
		{F31F70AF-70D2-4377-B3D0-35B19E443290}.Release|Win32.ActiveCfg = Release|Win32
		{F31F70AF-70D2-4377-B3D0-35B19E443290}.Release|Win32.Build.0 = Release|Win32
		{0C55908F-76C7-4B90-96BF-A3BE320A3833}.Debug|Win32.ActiveCfg = Debug|Win32
		{0C55908F-76C7-4B90-96BF-A3BE320A3833}.Debug|Win32.Build.0 = Debug|Win32
		{0C55908F-76C7-4B90-96BF-A3BE320A3833}.Release|Win32.ActiveCfg = Release|Win32
		{0C55908F-76C7-4B90-96BF-A3BE320A3833}.Release|Win32.Build.0 = Release|Win32
		{35B6A48A-AEB5-4712-8C45-C94C48B6C632}.Debug|Win32.ActiveCfg = Debug|Win32
		{35B6A48A-AEB5-4712-8C45-C94C48B6C632}.Debug|Win32.Build.0 = Debug|Win32
		{35B6A48A-AEB5-4712-8C45-C94C48B6C632}.Release|Win32.ActiveCfg = Release|Win32
		{35B6A48A-AEB5-4712-8C45-C94C48B6C632}.Release|Win32.Build.0 = Release|Win32
		{9003B14E-22B0-437C-ABE3-940CF6E4931E}.Debug|Win32.ActiveCfg = Debug|Win32
		{9003B14E-22B0-437C-ABE3-940CF6E4931E}.Debug|Win32.Build.0 = Debug|Win32
		{9003B14E-22B0-437C-ABE3-940CF6E4931E}.Release|Win32.ActiveCfg = Release|Win32
		{9003B14E-22B0-437C-ABE3-940CF6E4931E}.Release|Win32.Build.0 = Release|Win32
		{8C727693-18DB-4DE8-B443-C4D287F8C326}.Debug|Win32.ActiveCfg = Debug|Win32
		{8C727693-18DB-4DE8-B443-C4D287F8C326}.Debug|Win32.Build.0 = Debug|Win32
		{8C727693-18DB-4DE8-B443-C4D287F8C326}.Release|Win32.ActiveCfg = Release|Win32
		{8C727693-18DB-4DE8-B443-C4D287F8C326}.Release|Win32.Build.0 = Release|Win32
	EndGlobalSection
	GlobalSection(SolutionProperties) = preSolution
		HideSolutionNode = FALSE
	EndGlobalSection
	GlobalSection(NestedProjects) = preSolution
		{1B034A8D-C094-4CBD-A19E-FCA8F9DD2372} = {761A4FAC-879D-420B-A523-E87BBB54535D}
		{D316497A-5753-4BC2-BFB9-24E097BF827F} = {761A4FAC-879D-420B-A523-E87BBB54535D}
		{1A2486C4-31ED-414E-9164-7018B9314281} = {761A4FAC-879D-420B-A523-E87BBB54535D}
		{F31F70AF-70D2-4377-B3D0-35B19E443290} = {761A4FAC-879D-420B-A523-E87BBB54535D}
		{0C55908F-76C7-4B90-96BF-A3BE320A3833} = {761A4FAC-879D-420B-A523-E87BBB54535D}
		{35B6A48A-AEB5-4712-8C45-C94C48B6C632} = {761A4FAC-879D-420B-A523-E87BBB54535D}
		{9003B14E-22B0-437C-ABE3-940CF6E4931E} = {761A4FAC-879D-420B-A523-E87BBB54535D}
		{8C727693-18DB-4DE8-B443-C4D287F8C326} = {761A4FAC-879D-420B-A523-E87BBB54535D}
	EndGlobalSection
EndGlobal
